
Microsoft Visual Studio Solution File, Format Version 12.00
# Visual Studio 15
VisualStudioVersion = 15.0.28010.2046
MinimumVisualStudioVersion = 10.0.40219.1
Project("{8BC9CEB8-8B4A-11D0-8D11-00A0C91BC942}") = "OpenGLrememberProj", "OpenGLrememberProj\OpenGLrememberProj.vcxproj", "{C624775C-F891-4EAA-A4F5-B54668714CAE}"
EndProject
Global
	GlobalSection(SolutionConfigurationPlatforms) = preSolution
		Debug|Win32 = Debug|Win32
		Release|Win32 = Release|Win32
	EndGlobalSection
	GlobalSection(ProjectConfigurationPlatforms) = postSolution
		{C624775C-F891-4EAA-A4F5-B54668714CAE}.Debug|Win32.ActiveCfg = Debug|Win32
		{C624775C-F891-4EAA-A4F5-B54668714CAE}.Debug|Win32.Build.0 = Debug|Win32
		{C624775C-F891-4EAA-A4F5-B54668714CAE}.Release|Win32.ActiveCfg = Release|Win32
		{C624775C-F891-4EAA-A4F5-B54668714CAE}.Release|Win32.Build.0 = Release|Win32
	EndGlobalSection
	GlobalSection(SolutionProperties) = preSolution
		HideSolutionNode = FALSE
	EndGlobalSection
	GlobalSection(ExtensibilityGlobals) = postSolution
		SolutionGuid = {D29C9E7E-80D2-4706-BBBA-391922805546}
	EndGlobalSection
EndGlobal
